
Microsoft Visual Studio Solution File, Format Version 12.00
# Visual Studio Version 16
VisualStudioVersion = 16.0.29209.62
MinimumVisualStudioVersion = 10.0.40219.1
Project("{FAE04EC0-301F-11D3-BF4B-00C04F79EFBC}") = "BisectionalGuessGame", "BisectionalGuessGame.csproj", "{4A3FEEA8-2C7A-4AEC-9AAD-B933EE9085FC}"
EndProject
Global
	GlobalSection(SolutionConfigurationPlatforms) = preSolution
		Debug|Any CPU = Debug|Any CPU
		Release|Any CPU = Release|Any CPU
	EndGlobalSection
	GlobalSection(ProjectConfigurationPlatforms) = postSolution
		{4A3FEEA8-2C7A-4AEC-9AAD-B933EE9085FC}.Debug|Any CPU.ActiveCfg = Debug|Any CPU
		{4A3FEEA8-2C7A-4AEC-9AAD-B933EE9085FC}.Debug|Any CPU.Build.0 = Debug|Any CPU
		{4A3FEEA8-2C7A-4AEC-9AAD-B933EE9085FC}.Release|Any CPU.ActiveCfg = Release|Any CPU
		{4A3FEEA8-2C7A-4AEC-9AAD-B933EE9085FC}.Release|Any CPU.Build.0 = Release|Any CPU
	EndGlobalSection
	GlobalSection(SolutionProperties) = preSolution
		HideSolutionNode = FALSE
	EndGlobalSection
	GlobalSection(ExtensibilityGlobals) = postSolution
		SolutionGuid = {CE94A983-4380-43E9-8F5D-3C50EBBE57B2}
	EndGlobalSection
EndGlobal
